
Microsoft Visual Studio Solution File, Format Version 12.00
# Visual Studio Version 16
VisualStudioVersion = 16.0.29519.87
MinimumVisualStudioVersion = 10.0.40219.1
Project("{9A19103F-16F7-4668-BE54-9A1E7A4F7556}") = "GliwickiDzik", "GliwickiDzik.csproj", "{76E3F955-6994-46D5-8845-72B2CF1C52C7}"
EndProject
Project("{FAE04EC0-301F-11D3-BF4B-00C04F79EFBC}") = "GliwickiDzik.API.tests", "..\GliwickiDzik.API.tests\GliwickiDzik.API.tests.csproj", "{54959C91-6B20-40F9-BF57-1B824D9B3389}"
EndProject
Global
	GlobalSection(SolutionConfigurationPlatforms) = preSolution
		Debug|Any CPU = Debug|Any CPU
		Release|Any CPU = Release|Any CPU
	EndGlobalSection
	GlobalSection(ProjectConfigurationPlatforms) = postSolution
		{76E3F955-6994-46D5-8845-72B2CF1C52C7}.Debug|Any CPU.ActiveCfg = Debug|Any CPU
		{76E3F955-6994-46D5-8845-72B2CF1C52C7}.Debug|Any CPU.Build.0 = Debug|Any CPU
		{76E3F955-6994-46D5-8845-72B2CF1C52C7}.Release|Any CPU.ActiveCfg = Release|Any CPU
		{76E3F955-6994-46D5-8845-72B2CF1C52C7}.Release|Any CPU.Build.0 = Release|Any CPU
		{54959C91-6B20-40F9-BF57-1B824D9B3389}.Debug|Any CPU.ActiveCfg = Debug|Any CPU
		{54959C91-6B20-40F9-BF57-1B824D9B3389}.Debug|Any CPU.Build.0 = Debug|Any CPU
		{54959C91-6B20-40F9-BF57-1B824D9B3389}.Release|Any CPU.ActiveCfg = Release|Any CPU
		{54959C91-6B20-40F9-BF57-1B824D9B3389}.Release|Any CPU.Build.0 = Release|Any CPU
	EndGlobalSection
	GlobalSection(SolutionProperties) = preSolution
		HideSolutionNode = FALSE
	EndGlobalSection
	GlobalSection(ExtensibilityGlobals) = postSolution
		SolutionGuid = {4165448F-95CE-457B-B837-011327FCA45D}
	EndGlobalSection
EndGlobal
